
Microsoft Visual Studio Solution File, Format Version 12.00
# Visual Studio Version 16
VisualStudioVersion = 16.0.30503.244
MinimumVisualStudioVersion = 10.0.40219.1
Project("{FAE04EC0-301F-11D3-BF4B-00C04F79EFBC}") = "ChoresApp.Android", "ChoresApp.Android\ChoresApp.Android.csproj", "{6E560B49-8251-44CA-967C-A7170DA87F44}"
EndProject
Project("{9A19103F-16F7-4668-BE54-9A1E7A4F7556}") = "ChoresApp", "ChoresApp\ChoresApp.csproj", "{42835E68-0A88-4FFE-A53B-B78A916087C9}"
EndProject
Project("{FAE04EC0-301F-11D3-BF4B-00C04F79EFBC}") = "ChoresApp.UWP", "ChoresApp.UWP\ChoresApp.UWP.csproj", "{A1C89E0B-6D84-4FAC-A06B-39A9986DA676}"
EndProject
Global
	GlobalSection(SolutionConfigurationPlatforms) = preSolution
		Debug|Any CPU = Debug|Any CPU
		Debug|ARM = Debug|ARM
		Debug|ARM64 = Debug|ARM64
		Debug|x64 = Debug|x64
		Debug|x86 = Debug|x86
		Release|Any CPU = Release|Any CPU
		Release|ARM = Release|ARM
		Release|ARM64 = Release|ARM64
		Release|x64 = Release|x64
		Release|x86 = Release|x86
	EndGlobalSection
	GlobalSection(ProjectConfigurationPlatforms) = postSolution
		{6E560B49-8251-44CA-967C-A7170DA87F44}.Debug|Any CPU.ActiveCfg = Debug|Any CPU
		{6E560B49-8251-44CA-967C-A7170DA87F44}.Debug|ARM.ActiveCfg = Debug|Any CPU
		{6E560B49-8251-44CA-967C-A7170DA87F44}.Debug|ARM.Build.0 = Debug|Any CPU
		{6E560B49-8251-44CA-967C-A7170DA87F44}.Debug|ARM.Deploy.0 = Debug|Any CPU
		{6E560B49-8251-44CA-967C-A7170DA87F44}.Debug|ARM64.ActiveCfg = Debug|Any CPU
		{6E560B49-8251-44CA-967C-A7170DA87F44}.Debug|ARM64.Build.0 = Debug|Any CPU
		{6E560B49-8251-44CA-967C-A7170DA87F44}.Debug|ARM64.Deploy.0 = Debug|Any CPU
		{6E560B49-8251-44CA-967C-A7170DA87F44}.Debug|x64.ActiveCfg = Debug|Any CPU
		{6E560B49-8251-44CA-967C-A7170DA87F44}.Debug|x64.Build.0 = Debug|Any CPU
		{6E560B49-8251-44CA-967C-A7170DA87F44}.Debug|x64.Deploy.0 = Debug|Any CPU
		{6E560B49-8251-44CA-967C-A7170DA87F44}.Debug|x86.ActiveCfg = Debug|Any CPU
		{6E560B49-8251-44CA-967C-A7170DA87F44}.Debug|x86.Build.0 = Debug|Any CPU
		{6E560B49-8251-44CA-967C-A7170DA87F44}.Debug|x86.Deploy.0 = Debug|Any CPU
		{6E560B49-8251-44CA-967C-A7170DA87F44}.Release|Any CPU.ActiveCfg = Release|Any CPU
		{6E560B49-8251-44CA-967C-A7170DA87F44}.Release|Any CPU.Build.0 = Release|Any CPU
		{6E560B49-8251-44CA-967C-A7170DA87F44}.Release|Any CPU.Deploy.0 = Release|Any CPU
		{6E560B49-8251-44CA-967C-A7170DA87F44}.Release|ARM.ActiveCfg = Release|Any CPU
		{6E560B49-8251-44CA-967C-A7170DA87F44}.Release|ARM.Build.0 = Release|Any CPU
		{6E560B49-8251-44CA-967C-A7170DA87F44}.Release|ARM.Deploy.0 = Release|Any CPU
		{6E560B49-8251-44CA-967C-A7170DA87F44}.Release|ARM64.ActiveCfg = Release|Any CPU
		{6E560B49-8251-44CA-967C-A7170DA87F44}.Release|ARM64.Build.0 = Release|Any CPU
		{6E560B49-8251-44CA-967C-A7170DA87F44}.Release|ARM64.Deploy.0 = Release|Any CPU
		{6E560B49-8251-44CA-967C-A7170DA87F44}.Release|x64.ActiveCfg = Release|Any CPU
		{6E560B49-8251-44CA-967C-A7170DA87F44}.Release|x64.Build.0 = Release|Any CPU
		{6E560B49-8251-44CA-967C-A7170DA87F44}.Release|x64.Deploy.0 = Release|Any CPU
		{6E560B49-8251-44CA-967C-A7170DA87F44}.Release|x86.ActiveCfg = Release|Any CPU
		{6E560B49-8251-44CA-967C-A7170DA87F44}.Release|x86.Build.0 = Release|Any CPU
		{6E560B49-8251-44CA-967C-A7170DA87F44}.Release|x86.Deploy.0 = Release|Any CPU
		{42835E68-0A88-4FFE-A53B-B78A916087C9}.Debug|Any CPU.ActiveCfg = Debug|Any CPU
		{42835E68-0A88-4FFE-A53B-B78A916087C9}.Debug|Any CPU.Build.0 = Debug|Any CPU
		{42835E68-0A88-4FFE-A53B-B78A916087C9}.Debug|Any CPU.Deploy.0 = Debug|Any CPU
		{42835E68-0A88-4FFE-A53B-B78A916087C9}.Debug|ARM.ActiveCfg = Debug|Any CPU
		{42835E68-0A88-4FFE-A53B-B78A916087C9}.Debug|ARM.Build.0 = Debug|Any CPU
		{42835E68-0A88-4FFE-A53B-B78A916087C9}.Debug|ARM64.ActiveCfg = Debug|Any CPU
		{42835E68-0A88-4FFE-A53B-B78A916087C9}.Debug|ARM64.Build.0 = Debug|Any CPU
		{42835E68-0A88-4FFE-A53B-B78A916087C9}.Debug|x64.ActiveCfg = Debug|Any CPU
		{42835E68-0A88-4FFE-A53B-B78A916087C9}.Debug|x64.Build.0 = Debug|Any CPU
		{42835E68-0A88-4FFE-A53B-B78A916087C9}.Debug|x86.ActiveCfg = Debug|Any CPU
		{42835E68-0A88-4FFE-A53B-B78A916087C9}.Debug|x86.Build.0 = Debug|Any CPU
		{42835E68-0A88-4FFE-A53B-B78A916087C9}.Release|Any CPU.ActiveCfg = Release|Any CPU
		{42835E68-0A88-4FFE-A53B-B78A916087C9}.Release|Any CPU.Build.0 = Release|Any CPU
		{42835E68-0A88-4FFE-A53B-B78A916087C9}.Release|Any CPU.Deploy.0 = Release|Any CPU
		{42835E68-0A88-4FFE-A53B-B78A916087C9}.Release|ARM.ActiveCfg = Release|Any CPU
		{42835E68-0A88-4FFE-A53B-B78A916087C9}.Release|ARM.Build.0 = Release|Any CPU
		{42835E68-0A88-4FFE-A53B-B78A916087C9}.Release|ARM64.ActiveCfg = Release|Any CPU
		{42835E68-0A88-4FFE-A53B-B78A916087C9}.Release|ARM64.Build.0 = Release|Any CPU
		{42835E68-0A88-4FFE-A53B-B78A916087C9}.Release|x64.ActiveCfg = Release|Any CPU
		{42835E68-0A88-4FFE-A53B-B78A916087C9}.Release|x64.Build.0 = Release|Any CPU
		{42835E68-0A88-4FFE-A53B-B78A916087C9}.Release|x86.ActiveCfg = Release|Any CPU
		{42835E68-0A88-4FFE-A53B-B78A916087C9}.Release|x86.Build.0 = Release|Any CPU
		{A1C89E0B-6D84-4FAC-A06B-39A9986DA676}.Debug|Any CPU.ActiveCfg = Debug|x86
		{A1C89E0B-6D84-4FAC-A06B-39A9986DA676}.Debug|Any CPU.Build.0 = Debug|x86
		{A1C89E0B-6D84-4FAC-A06B-39A9986DA676}.Debug|Any CPU.Deploy.0 = Debug|x86
		{A1C89E0B-6D84-4FAC-A06B-39A9986DA676}.Debug|ARM.ActiveCfg = Debug|ARM
		{A1C89E0B-6D84-4FAC-A06B-39A9986DA676}.Debug|ARM.Build.0 = Debug|ARM
		{A1C89E0B-6D84-4FAC-A06B-39A9986DA676}.Debug|ARM.Deploy.0 = Debug|ARM
		{A1C89E0B-6D84-4FAC-A06B-39A9986DA676}.Debug|ARM64.ActiveCfg = Debug|ARM64
		{A1C89E0B-6D84-4FAC-A06B-39A9986DA676}.Debug|ARM64.Build.0 = Debug|ARM64
		{A1C89E0B-6D84-4FAC-A06B-39A9986DA676}.Debug|ARM64.Deploy.0 = Debug|ARM64
		{A1C89E0B-6D84-4FAC-A06B-39A9986DA676}.Debug|x64.ActiveCfg = Debug|x64
		{A1C89E0B-6D84-4FAC-A06B-39A9986DA676}.Debug|x64.Build.0 = Debug|x64
		{A1C89E0B-6D84-4FAC-A06B-39A9986DA676}.Debug|x64.Deploy.0 = Debug|x64
		{A1C89E0B-6D84-4FAC-A06B-39A9986DA676}.Debug|x86.ActiveCfg = Debug|x86
		{A1C89E0B-6D84-4FAC-A06B-39A9986DA676}.Debug|x86.Build.0 = Debug|x86
		{A1C89E0B-6D84-4FAC-A06B-39A9986DA676}.Debug|x86.Deploy.0 = Debug|x86
		{A1C89E0B-6D84-4FAC-A06B-39A9986DA676}.Release|Any CPU.ActiveCfg = Release|x86
		{A1C89E0B-6D84-4FAC-A06B-39A9986DA676}.Release|ARM.ActiveCfg = Release|ARM
		{A1C89E0B-6D84-4FAC-A06B-39A9986DA676}.Release|ARM.Build.0 = Release|ARM
		{A1C89E0B-6D84-4FAC-A06B-39A9986DA676}.Release|ARM.Deploy.0 = Release|ARM
		{A1C89E0B-6D84-4FAC-A06B-39A9986DA676}.Release|ARM64.ActiveCfg = Release|ARM64
		{A1C89E0B-6D84-4FAC-A06B-39A9986DA676}.Release|ARM64.Build.0 = Release|ARM64
		{A1C89E0B-6D84-4FAC-A06B-39A9986DA676}.Release|ARM64.Deploy.0 = Release|ARM64
		{A1C89E0B-6D84-4FAC-A06B-39A9986DA676}.Release|x64.ActiveCfg = Release|x64
		{A1C89E0B-6D84-4FAC-A06B-39A9986DA676}.Release|x64.Build.0 = Release|x64
		{A1C89E0B-6D84-4FAC-A06B-39A9986DA676}.Release|x64.Deploy.0 = Release|x64
		{A1C89E0B-6D84-4FAC-A06B-39A9986DA676}.Release|x86.ActiveCfg = Release|x86
		{A1C89E0B-6D84-4FAC-A06B-39A9986DA676}.Release|x86.Build.0 = Release|x86
		{A1C89E0B-6D84-4FAC-A06B-39A9986DA676}.Release|x86.Deploy.0 = Release|x86
	EndGlobalSection
	GlobalSection(SolutionProperties) = preSolution
		HideSolutionNode = FALSE
	EndGlobalSection
	GlobalSection(ExtensibilityGlobals) = postSolution
		SolutionGuid = {8F104BF4-7B08-4D78-A5F7-CFB023DDA76D}
	EndGlobalSection
EndGlobal
